
Microsoft Visual Studio Solution File, Format Version 12.00
# Visual Studio Version 17
VisualStudioVersion = 17.4.33213.308
MinimumVisualStudioVersion = 10.0.40219.1
Project("{9A19103F-16F7-4668-BE54-9A1E7A4F7556}") = "NotificationApp", "NotificationApp.csproj", "{BB6A19CB-F4F7-4966-8C07-C5F81C659004}"
EndProject
Global
	GlobalSection(SolutionConfigurationPlatforms) = preSolution
		Debug|Any CPU = Debug|Any CPU
		Release|Any CPU = Release|Any CPU
	EndGlobalSection
	GlobalSection(ProjectConfigurationPlatforms) = postSolution
		{BB6A19CB-F4F7-4966-8C07-C5F81C659004}.Debug|Any CPU.ActiveCfg = Debug|Any CPU
		{BB6A19CB-F4F7-4966-8C07-C5F81C659004}.Debug|Any CPU.Build.0 = Debug|Any CPU
		{BB6A19CB-F4F7-4966-8C07-C5F81C659004}.Release|Any CPU.ActiveCfg = Release|Any CPU
		{BB6A19CB-F4F7-4966-8C07-C5F81C659004}.Release|Any CPU.Build.0 = Release|Any CPU
	EndGlobalSection
	GlobalSection(SolutionProperties) = preSolution
		HideSolutionNode = FALSE
	EndGlobalSection
	GlobalSection(ExtensibilityGlobals) = postSolution
		SolutionGuid = {DF7BD861-3D6A-4C4C-930C-4D5730B7D8E9}
	EndGlobalSection
EndGlobal
